
Microsoft Visual Studio Solution File, Format Version 12.00
# Visual Studio Version 17
VisualStudioVersion = 17.4.33122.133
MinimumVisualStudioVersion = 10.0.40219.1
Project("{FAE04EC0-301F-11D3-BF4B-00C04F79EFBC}") = "CarRentalSystem", "CarRentalSystem\CarRentalSystem.csproj", "{691EE420-1C12-4317-891D-94AC99213BA9}"
EndProject
Global
	GlobalSection(SolutionConfigurationPlatforms) = preSolution
		Debug|Any CPU = Debug|Any CPU
		Release|Any CPU = Release|Any CPU
	EndGlobalSection
	GlobalSection(ProjectConfigurationPlatforms) = postSolution
		{691EE420-1C12-4317-891D-94AC99213BA9}.Debug|Any CPU.ActiveCfg = Debug|Any CPU
		{691EE420-1C12-4317-891D-94AC99213BA9}.Debug|Any CPU.Build.0 = Debug|Any CPU
		{691EE420-1C12-4317-891D-94AC99213BA9}.Release|Any CPU.ActiveCfg = Release|Any CPU
		{691EE420-1C12-4317-891D-94AC99213BA9}.Release|Any CPU.Build.0 = Release|Any CPU
	EndGlobalSection
	GlobalSection(SolutionProperties) = preSolution
		HideSolutionNode = FALSE
	EndGlobalSection
	GlobalSection(ExtensibilityGlobals) = postSolution
		SolutionGuid = {782B077E-4501-4871-925E-78E621D0263C}
	EndGlobalSection
EndGlobal
